
Microsoft Visual Studio Solution File, Format Version 12.00
# Visual Studio Version 17
VisualStudioVersion = 17.10.35122.118
MinimumVisualStudioVersion = 10.0.40219.1
Project("{2150E333-8FDC-42A3-9474-1A3956D46DE8}") = "Services", "Services", "{F95A41E0-9F92-45CF-8BD6-AFA678CE1C9C}"
EndProject
Project("{2150E333-8FDC-42A3-9474-1A3956D46DE8}") = "Catalog", "Catalog", "{CABC261D-843A-40D3-8324-9F218E854095}"
EndProject
Project("{9A19103F-16F7-4668-BE54-9A1E7A4F7556}") = "Catalog.API", "Services\Catalog\Catalog.API\Catalog.API.csproj", "{A310E288-AD95-458D-B307-40A587E1BED7}"
EndProject
Project("{2150E333-8FDC-42A3-9474-1A3956D46DE8}") = "BuildingBlocks", "BuildingBlocks", "{29008F3A-22DF-4E92-9DA4-BCAE0DA36740}"
EndProject
Project("{9A19103F-16F7-4668-BE54-9A1E7A4F7556}") = "BuildingBlocks", "BuildingBlocks\BuildingBlocks\BuildingBlocks.csproj", "{F6FDA501-359C-483F-93A2-4794E8D43426}"
EndProject
Project("{E53339B2-1760-4266-BCC7-CA923CBCF16C}") = "docker-compose", "docker-compose.dcproj", "{F8107BC5-8D17-46AB-B84F-0AAF09861463}"
EndProject
Project("{2150E333-8FDC-42A3-9474-1A3956D46DE8}") = "Basket", "Basket", "{5E60479E-5AFC-44E0-9985-3F058329D93E}"
EndProject
Project("{9A19103F-16F7-4668-BE54-9A1E7A4F7556}") = "Basket.API", "Services\Basket\Basket.API\Basket.API.csproj", "{97D3A115-6F4C-41A3-83F4-7D01DD651864}"
EndProject
Project("{9A19103F-16F7-4668-BE54-9A1E7A4F7556}") = "Discount.Grpc", "Services\Discount\Discount.Grpc\Discount.Grpc.csproj", "{25F89868-DCD1-4615-8350-7D47AA1AFDC4}"
EndProject
Project("{2150E333-8FDC-42A3-9474-1A3956D46DE8}") = "Ordering", "Ordering", "{E64766EB-9CB8-401C-B542-8A691A18CD0F}"
EndProject
Project("{9A19103F-16F7-4668-BE54-9A1E7A4F7556}") = "Ordering.API", "Services\Ordering\Ordering.API\Ordering.API.csproj", "{411AC5B2-309C-4B94-BEDF-A43078DA0349}"
EndProject
Project("{9A19103F-16F7-4668-BE54-9A1E7A4F7556}") = "Ordering.Application", "Services\Ordering\Ordering.Application\Ordering.Application.csproj", "{963BB035-D253-4D1A-8B05-3EE882DDE8A5}"
EndProject
Project("{9A19103F-16F7-4668-BE54-9A1E7A4F7556}") = "Ordering.Domain", "Services\Ordering\Ordering.Domain\Ordering.Domain.csproj", "{D8C5A0CA-0999-4DB9-A169-3A9BA21BBC83}"
EndProject
Project("{9A19103F-16F7-4668-BE54-9A1E7A4F7556}") = "Ordering.Infrastructure", "Services\Ordering\Ordering.Infrastructure\Ordering.Infrastructure.csproj", "{4F8E4483-AAB5-4E10-8067-CA31A2404898}"
EndProject
Global
	GlobalSection(SolutionConfigurationPlatforms) = preSolution
		Debug|Any CPU = Debug|Any CPU
		Release|Any CPU = Release|Any CPU
	EndGlobalSection
	GlobalSection(ProjectConfigurationPlatforms) = postSolution
		{A310E288-AD95-458D-B307-40A587E1BED7}.Debug|Any CPU.ActiveCfg = Debug|Any CPU
		{A310E288-AD95-458D-B307-40A587E1BED7}.Debug|Any CPU.Build.0 = Debug|Any CPU
		{A310E288-AD95-458D-B307-40A587E1BED7}.Release|Any CPU.ActiveCfg = Release|Any CPU
		{A310E288-AD95-458D-B307-40A587E1BED7}.Release|Any CPU.Build.0 = Release|Any CPU
		{F6FDA501-359C-483F-93A2-4794E8D43426}.Debug|Any CPU.ActiveCfg = Debug|Any CPU
		{F6FDA501-359C-483F-93A2-4794E8D43426}.Debug|Any CPU.Build.0 = Debug|Any CPU
		{F6FDA501-359C-483F-93A2-4794E8D43426}.Release|Any CPU.ActiveCfg = Release|Any CPU
		{F6FDA501-359C-483F-93A2-4794E8D43426}.Release|Any CPU.Build.0 = Release|Any CPU
		{F8107BC5-8D17-46AB-B84F-0AAF09861463}.Debug|Any CPU.ActiveCfg = Debug|Any CPU
		{F8107BC5-8D17-46AB-B84F-0AAF09861463}.Debug|Any CPU.Build.0 = Debug|Any CPU
		{F8107BC5-8D17-46AB-B84F-0AAF09861463}.Release|Any CPU.ActiveCfg = Release|Any CPU
		{F8107BC5-8D17-46AB-B84F-0AAF09861463}.Release|Any CPU.Build.0 = Release|Any CPU
		{97D3A115-6F4C-41A3-83F4-7D01DD651864}.Debug|Any CPU.ActiveCfg = Debug|Any CPU
		{97D3A115-6F4C-41A3-83F4-7D01DD651864}.Debug|Any CPU.Build.0 = Debug|Any CPU
		{97D3A115-6F4C-41A3-83F4-7D01DD651864}.Release|Any CPU.ActiveCfg = Release|Any CPU
		{97D3A115-6F4C-41A3-83F4-7D01DD651864}.Release|Any CPU.Build.0 = Release|Any CPU
		{25F89868-DCD1-4615-8350-7D47AA1AFDC4}.Debug|Any CPU.ActiveCfg = Debug|Any CPU
		{25F89868-DCD1-4615-8350-7D47AA1AFDC4}.Debug|Any CPU.Build.0 = Debug|Any CPU
		{25F89868-DCD1-4615-8350-7D47AA1AFDC4}.Release|Any CPU.ActiveCfg = Release|Any CPU
		{25F89868-DCD1-4615-8350-7D47AA1AFDC4}.Release|Any CPU.Build.0 = Release|Any CPU
		{411AC5B2-309C-4B94-BEDF-A43078DA0349}.Debug|Any CPU.ActiveCfg = Debug|Any CPU
		{411AC5B2-309C-4B94-BEDF-A43078DA0349}.Debug|Any CPU.Build.0 = Debug|Any CPU
		{411AC5B2-309C-4B94-BEDF-A43078DA0349}.Release|Any CPU.ActiveCfg = Release|Any CPU
		{411AC5B2-309C-4B94-BEDF-A43078DA0349}.Release|Any CPU.Build.0 = Release|Any CPU
		{963BB035-D253-4D1A-8B05-3EE882DDE8A5}.Debug|Any CPU.ActiveCfg = Debug|Any CPU
		{963BB035-D253-4D1A-8B05-3EE882DDE8A5}.Debug|Any CPU.Build.0 = Debug|Any CPU
		{963BB035-D253-4D1A-8B05-3EE882DDE8A5}.Release|Any CPU.ActiveCfg = Release|Any CPU
		{963BB035-D253-4D1A-8B05-3EE882DDE8A5}.Release|Any CPU.Build.0 = Release|Any CPU
		{D8C5A0CA-0999-4DB9-A169-3A9BA21BBC83}.Debug|Any CPU.ActiveCfg = Debug|Any CPU
		{D8C5A0CA-0999-4DB9-A169-3A9BA21BBC83}.Debug|Any CPU.Build.0 = Debug|Any CPU
		{D8C5A0CA-0999-4DB9-A169-3A9BA21BBC83}.Release|Any CPU.ActiveCfg = Release|Any CPU
		{D8C5A0CA-0999-4DB9-A169-3A9BA21BBC83}.Release|Any CPU.Build.0 = Release|Any CPU
		{4F8E4483-AAB5-4E10-8067-CA31A2404898}.Debug|Any CPU.ActiveCfg = Debug|Any CPU
		{4F8E4483-AAB5-4E10-8067-CA31A2404898}.Debug|Any CPU.Build.0 = Debug|Any CPU
		{4F8E4483-AAB5-4E10-8067-CA31A2404898}.Release|Any CPU.ActiveCfg = Release|Any CPU
		{4F8E4483-AAB5-4E10-8067-CA31A2404898}.Release|Any CPU.Build.0 = Release|Any CPU
	EndGlobalSection
	GlobalSection(SolutionProperties) = preSolution
		HideSolutionNode = FALSE
	EndGlobalSection
	GlobalSection(NestedProjects) = preSolution
		{CABC261D-843A-40D3-8324-9F218E854095} = {F95A41E0-9F92-45CF-8BD6-AFA678CE1C9C}
		{A310E288-AD95-458D-B307-40A587E1BED7} = {CABC261D-843A-40D3-8324-9F218E854095}
		{F6FDA501-359C-483F-93A2-4794E8D43426} = {29008F3A-22DF-4E92-9DA4-BCAE0DA36740}
		{5E60479E-5AFC-44E0-9985-3F058329D93E} = {F95A41E0-9F92-45CF-8BD6-AFA678CE1C9C}
		{97D3A115-6F4C-41A3-83F4-7D01DD651864} = {5E60479E-5AFC-44E0-9985-3F058329D93E}
		{E64766EB-9CB8-401C-B542-8A691A18CD0F} = {F95A41E0-9F92-45CF-8BD6-AFA678CE1C9C}
		{411AC5B2-309C-4B94-BEDF-A43078DA0349} = {E64766EB-9CB8-401C-B542-8A691A18CD0F}
		{963BB035-D253-4D1A-8B05-3EE882DDE8A5} = {E64766EB-9CB8-401C-B542-8A691A18CD0F}
		{D8C5A0CA-0999-4DB9-A169-3A9BA21BBC83} = {E64766EB-9CB8-401C-B542-8A691A18CD0F}
		{4F8E4483-AAB5-4E10-8067-CA31A2404898} = {E64766EB-9CB8-401C-B542-8A691A18CD0F}
	EndGlobalSection
	GlobalSection(ExtensibilityGlobals) = postSolution
		SolutionGuid = {69E92D96-4D06-48EB-98EC-8CA4F2CDA702}
	EndGlobalSection
EndGlobal
